
Microsoft Visual Studio Solution File, Format Version 12.00
# Visual Studio Version 17
VisualStudioVersion = 17.4.33110.190
MinimumVisualStudioVersion = 10.0.40219.1
Project("{8BC9CEB8-8B4A-11D0-8D11-00A0C91BC942}") = "BreakoutGame", "BreakoutGame\BreakoutGame.vcxproj", "{F2F27FC4-A2FE-4104-BCB2-E13FFB699C96}"
EndProject
Global
	GlobalSection(SolutionConfigurationPlatforms) = preSolution
		Debug|x64 = Debug|x64
		Release|x64 = Release|x64
	EndGlobalSection
	GlobalSection(ProjectConfigurationPlatforms) = postSolution
		{F2F27FC4-A2FE-4104-BCB2-E13FFB699C96}.Debug|x64.ActiveCfg = Debug|x64
		{F2F27FC4-A2FE-4104-BCB2-E13FFB699C96}.Debug|x64.Build.0 = Debug|x64
		{F2F27FC4-A2FE-4104-BCB2-E13FFB699C96}.Release|x64.ActiveCfg = Release|x64
		{F2F27FC4-A2FE-4104-BCB2-E13FFB699C96}.Release|x64.Build.0 = Release|x64
	EndGlobalSection
	GlobalSection(SolutionProperties) = preSolution
		HideSolutionNode = FALSE
	EndGlobalSection
	GlobalSection(ExtensibilityGlobals) = postSolution
		SolutionGuid = {BFD733A2-588A-4B85-97AF-3FF0E2EAD2CC}
	EndGlobalSection
EndGlobal
